{
  "nodes": {
    "color-picker": {
      "flake": false,
      "locked": {
        "lastModified": 1684706781,
        "narHash": "sha256-a1hpKKvBG8ey/+gbfFEK8CPawEK9EdcQbnIfi7X0C9I=",
        "owner": "ziontee113",
        "repo": "color-picker.nvim",
        "rev": "06cb5f853535dea529a523e9a0e8884cdf9eba4d",
        "type": "github"
      },
      "original": {
        "owner": "ziontee113",
        "repo": "color-picker.nvim",
        "type": "github"
      }
    },
    "flake-parts": {
      "inputs": {
        "nixpkgs-lib": "nixpkgs-lib"
      },
      "locked": {
        "lastModified": 1743550720,
        "narHash": "sha256-hIshGgKZCgWh6AYJpJmRgFdR3WUbkY04o82X05xqQiY=",
        "owner": "hercules-ci",
        "repo": "flake-parts",
        "rev": "c621e8422220273271f52058f618c94e405bb0f5",
        "type": "github"
      },
      "original": {
        "owner": "hercules-ci",
        "repo": "flake-parts",
        "type": "github"
      }
    },
    "flake-parts_2": {
      "inputs": {
        "nixpkgs-lib": [
          "nixvim",
          "nixpkgs"
        ]
      },
      "locked": {
        "lastModified": 1743550720,
        "narHash": "sha256-hIshGgKZCgWh6AYJpJmRgFdR3WUbkY04o82X05xqQiY=",
        "owner": "hercules-ci",
        "repo": "flake-parts",
        "rev": "c621e8422220273271f52058f618c94e405bb0f5",
        "type": "github"
      },
      "original": {
        "owner": "hercules-ci",
        "repo": "flake-parts",
        "type": "github"
      }
    },
    "flake-utils": {
      "inputs": {
        "systems": "systems"
      },
      "locked": {
        "lastModified": 1731533236,
        "narHash": "sha256-l0KFg5HjrsfsO/JpG+r7fRrqm12kzFHyUHqHCVpMMbI=",
        "owner": "numtide",
        "repo": "flake-utils",
        "rev": "11707dc2f618dd54ca8739b309ec4fc024de578b",
        "type": "github"
      },
      "original": {
        "owner": "numtide",
        "repo": "flake-utils",
        "type": "github"
      }
    },
    "ixx": {
      "inputs": {
        "flake-utils": [
          "nixvim",
          "nuschtosSearch",
          "flake-utils"
        ],
        "nixpkgs": [
          "nixvim",
          "nuschtosSearch",
          "nixpkgs"
        ]
      },
      "locked": {
        "lastModified": 1729958008,
        "narHash": "sha256-EiOq8jF4Z/zQe0QYVc3+qSKxRK//CFHMB84aYrYGwEs=",
        "owner": "NuschtOS",
        "repo": "ixx",
        "rev": "9fd01aad037f345350eab2cd45e1946cc66da4eb",
        "type": "github"
      },
      "original": {
        "owner": "NuschtOS",
        "ref": "v0.0.6",
        "repo": "ixx",
        "type": "github"
      }
    },
    "markview": {
      "flake": false,
      "locked": {
        "lastModified": 1743737839,
        "narHash": "sha256-nDBFVDgu2mz4YWBNYXXWpDwh0CyvPRxWVfHvX21xj8s=",
        "owner": "OXY2DEV",
        "repo": "markview.nvim",
        "rev": "4f9ad36efe01c283aa886453ba75bf569c897c84",
        "type": "github"
      },
      "original": {
        "owner": "OXY2DEV",
        "repo": "markview.nvim",
        "type": "github"
      }
    },
    "md-pdf": {
      "flake": false,
      "locked": {
        "lastModified": 1738605516,
        "narHash": "sha256-/osiFDbkW8kILReMDWtQY85/GcQAfSO4U43rUt4EAkU=",
        "owner": "arminveres",
        "repo": "md-pdf.nvim",
        "rev": "d9f1523b26339f8d0d6a11bd49887c8a5d59ea80",
        "type": "github"
      },
      "original": {
        "owner": "arminveres",
        "repo": "md-pdf.nvim",
        "type": "github"
      }
    },
    "moveline": {
      "flake": false,
      "locked": {
        "lastModified": 1688677014,
        "narHash": "sha256-hq/n48JC1EgJbmb6b/1jQ8MNhbcsJD3wIYaKE1UiU30=",
        "owner": "willothy",
        "repo": "moveline.nvim",
        "rev": "570603637be8af20e97b91cf554fef29cab73ca6",
        "type": "github"
      },
      "original": {
        "owner": "willothy",
        "repo": "moveline.nvim",
        "type": "github"
      }
    },
    "nixpkgs": {
      "locked": {
        "lastModified": 1743827369,
        "narHash": "sha256-rpqepOZ8Eo1zg+KJeWoq1HAOgoMCDloqv5r2EAa9TSA=",
        "owner": "nixos",
        "repo": "nixpkgs",
        "rev": "42a1c966be226125b48c384171c44c651c236c22",
        "type": "github"
      },
      "original": {
        "owner": "nixos",
        "ref": "nixos-unstable",
        "repo": "nixpkgs",
        "type": "github"
      }
    },
    "nixpkgs-lib": {
      "locked": {
        "lastModified": 1743296961,
        "narHash": "sha256-b1EdN3cULCqtorQ4QeWgLMrd5ZGOjLSLemfa00heasc=",
        "owner": "nix-community",
        "repo": "nixpkgs.lib",
        "rev": "e4822aea2a6d1cdd36653c134cacfd64c97ff4fa",
        "type": "github"
      },
      "original": {
        "owner": "nix-community",
        "repo": "nixpkgs.lib",
        "type": "github"
      }
    },
    "nixpkgs_2": {
      "locked": {
        "lastModified": 1743538100,
        "narHash": "sha256-Bl/ynRPIb4CdtbEw3gfJYpKiHmRmrKltXc8zipqpO0o=",
        "owner": "NixOS",
        "repo": "nixpkgs",
        "rev": "b9d43b3fe5152d1dc5783a2ba865b2a03388b741",
        "type": "github"
      },
      "original": {
        "owner": "NixOS",
        "ref": "nixpkgs-unstable",
        "repo": "nixpkgs",
        "type": "github"
      }
    },
    "nixvim": {
      "inputs": {
        "flake-parts": "flake-parts_2",
        "nixpkgs": "nixpkgs_2",
        "nuschtosSearch": "nuschtosSearch"
      },
      "locked": {
        "lastModified": 1743844372,
        "narHash": "sha256-59T+ikFiTt0CiSvuja3/xYahT6SL2s3XtNykfG8l0gk=",
        "owner": "nix-community",
        "repo": "nixvim",
        "rev": "7b4311333b542178828e90f6997d8f03e8327b89",
        "type": "github"
      },
      "original": {
        "owner": "nix-community",
        "repo": "nixvim",
        "type": "github"
      }
    },
    "ntree-float": {
      "flake": false,
      "locked": {
        "lastModified": 1720950868,
        "narHash": "sha256-F1sdW9ZpK3wexuva6lvERq9W8ohkIcYXa+XRtF9o4vM=",
        "owner": "JMarkin",
        "repo": "nvim-tree.lua-float-preview",
        "rev": "78b3ff2e0423438a341c9628f2f10f51b80a69c6",
        "type": "github"
      },
      "original": {
        "owner": "JMarkin",
        "repo": "nvim-tree.lua-float-preview",
        "type": "github"
      }
    },
    "nuschtosSearch": {
      "inputs": {
        "flake-utils": "flake-utils",
        "ixx": "ixx",
        "nixpkgs": [
          "nixvim",
          "nixpkgs"
        ]
      },
      "locked": {
        "lastModified": 1743201766,
        "narHash": "sha256-bb/dqoIjtIWtJRzASOe8g4m8W2jUIWtuoGPXdNjM/Tk=",
        "owner": "NuschtOS",
        "repo": "search",
        "rev": "2651dbfad93d6ef66c440cbbf23238938b187bde",
        "type": "github"
      },
      "original": {
        "owner": "NuschtOS",
        "repo": "search",
        "type": "github"
      }
    },
    "nvim-hl-md": {
      "flake": false,
      "locked": {
        "lastModified": 1682765089,
        "narHash": "sha256-uGn2RcyYhla0nY9Jyn5FIcvaZjd6i9EPAQ+5UuPKumU=",
        "owner": "yaocccc",
        "repo": "nvim-hl-mdcodeblock.lua",
        "rev": "a652470bfed791d5026f6a35bacdfe90a9d8ac2f",
        "type": "github"
      },
      "original": {
        "owner": "yaocccc",
        "repo": "nvim-hl-mdcodeblock.lua",
        "type": "github"
      }
    },
    "nvim-md": {
      "flake": false,
      "locked": {
        "lastModified": 1740739043,
        "narHash": "sha256-7cWa1UfQBtbv7hvOYRZaS7GOg/WMO3x25vYVhQ8W7XM=",
        "owner": "ixru",
        "repo": "nvim-markdown",
        "rev": "cfe80a1054ccc168ae9ef28062472e78f710f9f4",
        "type": "github"
      },
      "original": {
        "owner": "ixru",
        "repo": "nvim-markdown",
        "type": "github"
      }
    },
    "root": {
      "inputs": {
        "color-picker": "color-picker",
        "flake-parts": "flake-parts",
        "markview": "markview",
        "md-pdf": "md-pdf",
        "moveline": "moveline",
        "nixpkgs": "nixpkgs",
        "nixvim": "nixvim",
        "ntree-float": "ntree-float",
        "nvim-hl-md": "nvim-hl-md",
        "nvim-md": "nvim-md",
        "tokyodark": "tokyodark",
        "ts-comments": "ts-comments"
      }
    },
    "systems": {
      "locked": {
        "lastModified": 1681028828,
        "narHash": "sha256-Vy1rq5AaRuLzOxct8nz4T6wlgyUR7zLU309k9mBC768=",
        "owner": "nix-systems",
        "repo": "default",
        "rev": "da67096a3b9bf56a91d16901293e51ba5b49a27e",
        "type": "github"
      },
      "original": {
        "owner": "nix-systems",
        "repo": "default",
        "type": "github"
      }
    },
    "tokyodark": {
      "flake": false,
      "locked": {
        "lastModified": 1735789280,
        "narHash": "sha256-pEnA8s1666HYnHkpN1Xtni+W8vVy+AeUr5z7WY2RLo4=",
        "owner": "tiagovla",
        "repo": "tokyodark.nvim",
        "rev": "cc70a2fb809d5376f2bd8e5836f9bb3f5fb8ef43",
        "type": "github"
      },
      "original": {
        "owner": "tiagovla",
        "repo": "tokyodark.nvim",
        "type": "github"
      }
    },
    "ts-comments": {
      "flake": false,
      "locked": {
        "lastModified": 1740642847,
        "narHash": "sha256-7uCJDt/w4q+Huoeh7wTjxicVp6+XWt8LHOXkgC5INDU=",
        "owner": "folke",
        "repo": "ts-comments.nvim",
        "rev": "1bd9d0ba1d8b336c3db50692ffd0955fe1bb9f0c",
        "type": "github"
      },
      "original": {
        "owner": "folke",
        "repo": "ts-comments.nvim",
        "type": "github"
      }
    }
  },
  "root": "root",
  "version": 7
}
